
Microsoft Visual Studio Solution File, Format Version 12.00
# Visual Studio Version 17
VisualStudioVersion = 17.1.32421.90
MinimumVisualStudioVersion = 10.0.40219.1
Project("{FAE04EC0-301F-11D3-BF4B-00C04F79EFBC}") = "TratativaERRO_ValorNumerico", "TratativaERRO_ValorNumerico.csproj", "{CCED5563-9511-40A4-AE33-B23C79291162}"
EndProject
Global
	GlobalSection(SolutionConfigurationPlatforms) = preSolution
		Debug|Any CPU = Debug|Any CPU
		Release|Any CPU = Release|Any CPU
	EndGlobalSection
	GlobalSection(ProjectConfigurationPlatforms) = postSolution
		{CCED5563-9511-40A4-AE33-B23C79291162}.Debug|Any CPU.ActiveCfg = Debug|Any CPU
		{CCED5563-9511-40A4-AE33-B23C79291162}.Debug|Any CPU.Build.0 = Debug|Any CPU
		{CCED5563-9511-40A4-AE33-B23C79291162}.Release|Any CPU.ActiveCfg = Release|Any CPU
		{CCED5563-9511-40A4-AE33-B23C79291162}.Release|Any CPU.Build.0 = Release|Any CPU
	EndGlobalSection
	GlobalSection(SolutionProperties) = preSolution
		HideSolutionNode = FALSE
	EndGlobalSection
	GlobalSection(ExtensibilityGlobals) = postSolution
		SolutionGuid = {6C307059-D938-4F17-AD12-11C02E2CDB2E}
	EndGlobalSection
EndGlobal
